{
  "name": "MyApplication2",
  "lockfileVersion": 3,
  "requires": true,
  "packages": {
    "": {
      "dependencies": {
        "@ohos/mini_canvas": "git+https://gitee.com/ark-ui/MiniCanvas.git"
      }
    },
    "node_modules/@ohos/mini_canvas": {
      "version": "1.0.0",
      "resolved": "git+https://gitee.com/ark-ui/MiniCanvas.git#93e33d77e1ec5354ac49833407465e226e4ba9b2"
    }
  }
}
